
Microsoft Visual Studio Solution File, Format Version 12.00
# Visual Studio Version 17
VisualStudioVersion = 17.13.35919.96 d17.13
MinimumVisualStudioVersion = 10.0.40219.1
Project("{FAE04EC0-301F-11D3-BF4B-00C04F79EFBC}") = "ArdaNDP2", "ArdaNDP2.csproj", "{28A76132-AEBA-4DC1-B233-F32209DDC928}"
EndProject
Global
	GlobalSection(SolutionConfigurationPlatforms) = preSolution
		Debug|Any CPU = Debug|Any CPU
		Release|Any CPU = Release|Any CPU
	EndGlobalSection
	GlobalSection(ProjectConfigurationPlatforms) = postSolution
		{28A76132-AEBA-4DC1-B233-F32209DDC928}.Debug|Any CPU.ActiveCfg = Debug|Any CPU
		{28A76132-AEBA-4DC1-B233-F32209DDC928}.Debug|Any CPU.Build.0 = Debug|Any CPU
		{28A76132-AEBA-4DC1-B233-F32209DDC928}.Release|Any CPU.ActiveCfg = Release|Any CPU
		{28A76132-AEBA-4DC1-B233-F32209DDC928}.Release|Any CPU.Build.0 = Release|Any CPU
	EndGlobalSection
	GlobalSection(SolutionProperties) = preSolution
		HideSolutionNode = FALSE
	EndGlobalSection
	GlobalSection(ExtensibilityGlobals) = postSolution
		SolutionGuid = {F3BE0C32-34A3-4271-8D56-39A037297E65}
	EndGlobalSection
EndGlobal
